// !$*UTF8*$!
{
	archiveVersion = 1;
	classes = {
	};
	objectVersion = 55;
	objects = {

/* Begin PBXBuildFile section */
		044412512910B21800359211 /* AppDelegate.swift in Sources */ = {isa = PBXBuildFile; fileRef = 044412502910B21800359211 /* AppDelegate.swift */; };
		044412532910B21800359211 /* SceneDelegate.swift in Sources */ = {isa = PBXBuildFile; fileRef = 044412522910B21800359211 /* SceneDelegate.swift */; };
		044412582910B21800359211 /* Main.storyboard in Resources */ = {isa = PBXBuildFile; fileRef = 044412562910B21800359211 /* Main.storyboard */; };
		0444125A2910B21D00359211 /* Assets.xcassets in Resources */ = {isa = PBXBuildFile; fileRef = 044412592910B21D00359211 /* Assets.xcassets */; };
		0444125D2910B21D00359211 /* LaunchScreen.storyboard in Resources */ = {isa = PBXBuildFile; fileRef = 0444125B2910B21D00359211 /* LaunchScreen.storyboard */; };
		0489EAAE2910B55B0037A2E0 /* Constants.swift in Sources */ = {isa = PBXBuildFile; fileRef = 0489EAAD2910B55B0037A2E0 /* Constants.swift */; };
		0489EAB22910B5EA0037A2E0 /* CurrencyListViewController.swift in Sources */ = {isa = PBXBuildFile; fileRef = 0489EAB12910B5EA0037A2E0 /* CurrencyListViewController.swift */; };
		0489EAB42910B6FB0037A2E0 /* CurrencyListViewModel.swift in Sources */ = {isa = PBXBuildFile; fileRef = 0489EAB32910B6FB0037A2E0 /* CurrencyListViewModel.swift */; };
		0489EAB62910B7130037A2E0 /* CurrencyListProtocols.swift in Sources */ = {isa = PBXBuildFile; fileRef = 0489EAB52910B7130037A2E0 /* CurrencyListProtocols.swift */; };
		0489EABA2910B73E0037A2E0 /* CurrencyTableViewCell.swift in Sources */ = {isa = PBXBuildFile; fileRef = 0489EAB82910B73E0037A2E0 /* CurrencyTableViewCell.swift */; };
		0489EABB2910B73E0037A2E0 /* CurrencyTableViewCell.xib in Resources */ = {isa = PBXBuildFile; fileRef = 0489EAB92910B73E0037A2E0 /* CurrencyTableViewCell.xib */; };
		0489EABD2910B90E0037A2E0 /* ChartDataModel.swift in Sources */ = {isa = PBXBuildFile; fileRef = 0489EABC2910B90E0037A2E0 /* ChartDataModel.swift */; };
		0489EAC02910B9840037A2E0 /* UIView+Loader.swift in Sources */ = {isa = PBXBuildFile; fileRef = 0489EABF2910B9840037A2E0 /* UIView+Loader.swift */; };
		0489EAC22910BA080037A2E0 /* APIRouter.swift in Sources */ = {isa = PBXBuildFile; fileRef = 0489EAC12910BA080037A2E0 /* APIRouter.swift */; };
		0489EAC42910BB4D0037A2E0 /* APIManager.swift in Sources */ = {isa = PBXBuildFile; fileRef = 0489EAC32910BB4D0037A2E0 /* APIManager.swift */; };
		79C894DD3BB336531FDC8BA6 /* Pods_CandleSticksChart.framework in Frameworks */ = {isa = PBXBuildFile; fileRef = F9DCDC59559C24704AB3CDC8 /* Pods_CandleSticksChart.framework */; };
/* End PBXBuildFile section */

/* Begin PBXFileReference section */
		0444124D2910B21800359211 /* CandleSticksChart.app */ = {isa = PBXFileReference; explicitFileType = wrapper.application; includeInIndex = 0; path = CandleSticksChart.app; sourceTree = BUILT_PRODUCTS_DIR; };
		044412502910B21800359211 /* AppDelegate.swift */ = {isa = PBXFileReference; lastKnownFileType = sourcecode.swift; path = AppDelegate.swift; sourceTree = "<group>"; };
		044412522910B21800359211 /* SceneDelegate.swift */ = {isa = PBXFileReference; lastKnownFileType = sourcecode.swift; path = SceneDelegate.swift; sourceTree = "<group>"; };
		044412572910B21800359211 /* Base */ = {isa = PBXFileReference; lastKnownFileType = file.storyboard; name = Base; path = Base.lproj/Main.storyboard; sourceTree = "<group>"; };
		044412592910B21D00359211 /* Assets.xcassets */ = {isa = PBXFileReference; lastKnownFileType = folder.assetcatalog; path = Assets.xcassets; sourceTree = "<group>"; };
		0444125C2910B21D00359211 /* Base */ = {isa = PBXFileReference; lastKnownFileType = file.storyboard; name = Base; path = Base.lproj/LaunchScreen.storyboard; sourceTree = "<group>"; };
		0444125E2910B21D00359211 /* Info.plist */ = {isa = PBXFileReference; lastKnownFileType = text.plist.xml; path = Info.plist; sourceTree = "<group>"; };
		0489EAAD2910B55B0037A2E0 /* Constants.swift */ = {isa = PBXFileReference; lastKnownFileType = sourcecode.swift; path = Constants.swift; sourceTree = "<group>"; };
		0489EAB12910B5EA0037A2E0 /* CurrencyListViewController.swift */ = {isa = PBXFileReference; lastKnownFileType = sourcecode.swift; path = CurrencyListViewController.swift; sourceTree = "<group>"; };
		0489EAB32910B6FB0037A2E0 /* CurrencyListViewModel.swift */ = {isa = PBXFileReference; lastKnownFileType = sourcecode.swift; path = CurrencyListViewModel.swift; sourceTree = "<group>"; };
		0489EAB52910B7130037A2E0 /* CurrencyListProtocols.swift */ = {isa = PBXFileReference; lastKnownFileType = sourcecode.swift; path = CurrencyListProtocols.swift; sourceTree = "<group>"; };
		0489EAB82910B73E0037A2E0 /* CurrencyTableViewCell.swift */ = {isa = PBXFileReference; lastKnownFileType = sourcecode.swift; path = CurrencyTableViewCell.swift; sourceTree = "<group>"; };
		0489EAB92910B73E0037A2E0 /* CurrencyTableViewCell.xib */ = {isa = PBXFileReference; lastKnownFileType = file.xib; path = CurrencyTableViewCell.xib; sourceTree = "<group>"; };
		0489EABC2910B90E0037A2E0 /* ChartDataModel.swift */ = {isa = PBXFileReference; lastKnownFileType = sourcecode.swift; path = ChartDataModel.swift; sourceTree = "<group>"; };
		0489EABF2910B9840037A2E0 /* UIView+Loader.swift */ = {isa = PBXFileReference; lastKnownFileType = sourcecode.swift; path = "UIView+Loader.swift"; sourceTree = "<group>"; };
		0489EAC12910BA080037A2E0 /* APIRouter.swift */ = {isa = PBXFileReference; lastKnownFileType = sourcecode.swift; path = APIRouter.swift; sourceTree = "<group>"; };
		0489EAC32910BB4D0037A2E0 /* APIManager.swift */ = {isa = PBXFileReference; lastKnownFileType = sourcecode.swift; path = APIManager.swift; sourceTree = "<group>"; };
		216121ADA6B31B5D77F75B4B /* Pods-CandleSticksChart.debug.xcconfig */ = {isa = PBXFileReference; includeInIndex = 1; lastKnownFileType = text.xcconfig; name = "Pods-CandleSticksChart.debug.xcconfig"; path = "Target Support Files/Pods-CandleSticksChart/Pods-CandleSticksChart.debug.xcconfig"; sourceTree = "<group>"; };
		86B5991752D0EB8839FA60D1 /* Pods-CandleSticksChart.release.xcconfig */ = {isa = PBXFileReference; includeInIndex = 1; lastKnownFileType = text.xcconfig; name = "Pods-CandleSticksChart.release.xcconfig"; path = "Target Support Files/Pods-CandleSticksChart/Pods-CandleSticksChart.release.xcconfig"; sourceTree = "<group>"; };
		F9DCDC59559C24704AB3CDC8 /* Pods_CandleSticksChart.framework */ = {isa = PBXFileReference; explicitFileType = wrapper.framework; includeInIndex = 0; path = Pods_CandleSticksChart.framework; sourceTree = BUILT_PRODUCTS_DIR; };
/* End PBXFileReference section */

/* Begin PBXFrameworksBuildPhase section */
		0444124A2910B21700359211 /* Frameworks */ = {
			isa = PBXFrameworksBuildPhase;
			buildActionMask = 2147483647;
			files = (
				79C894DD3BB336531FDC8BA6 /* Pods_CandleSticksChart.framework in Frameworks */,
			);
			runOnlyForDeploymentPostprocessing = 0;
		};
/* End PBXFrameworksBuildPhase section */

/* Begin PBXGroup section */
		044412442910B21700359211 = {
			isa = PBXGroup;
			children = (
				0444124F2910B21800359211 /* CandleSticksChart */,
				0444124E2910B21800359211 /* Products */,
				BAD84214DB58481751C5B552 /* Pods */,
				8B6B1B4BF2B41D821B30D2BB /* Frameworks */,
			);
			sourceTree = "<group>";
		};
		0444124E2910B21800359211 /* Products */ = {
			isa = PBXGroup;
			children = (
				0444124D2910B21800359211 /* CandleSticksChart.app */,
			);
			name = Products;
			sourceTree = "<group>";
		};
		0444124F2910B21800359211 /* CandleSticksChart */ = {
			isa = PBXGroup;
			children = (
				0489EAA22910B2EB0037A2E0 /* Shared */,
				0489EAA52910B3080037A2E0 /* NetworkLayer */,
				0489EAA62910B3150037A2E0 /* Utilities */,
				0489EAA92910B34B0037A2E0 /* Extensions */,
				0489EAA42910B3020037A2E0 /* Models */,
				0489EAA32910B2F50037A2E0 /* Modules */,
				0489EAA72910B32A0037A2E0 /* Resources */,
				0444125E2910B21D00359211 /* Info.plist */,
			);
			path = CandleSticksChart;
			sourceTree = "<group>";
		};
		0489EAA22910B2EB0037A2E0 /* Shared */ = {
			isa = PBXGroup;
			children = (
				044412502910B21800359211 /* AppDelegate.swift */,
				044412522910B21800359211 /* SceneDelegate.swift */,
			);
			path = Shared;
			sourceTree = "<group>";
		};
		0489EAA32910B2F50037A2E0 /* Modules */ = {
			isa = PBXGroup;
			children = (
				0489EAAF2910B5BA0037A2E0 /* CurrencyList */,
			);
			path = Modules;
			sourceTree = "<group>";
		};
		0489EAA42910B3020037A2E0 /* Models */ = {
			isa = PBXGroup;
			children = (
				0489EABC2910B90E0037A2E0 /* ChartDataModel.swift */,
			);
			path = Models;
			sourceTree = "<group>";
		};
		0489EAA52910B3080037A2E0 /* NetworkLayer */ = {
			isa = PBXGroup;
			children = (
				0489EAC12910BA080037A2E0 /* APIRouter.swift */,
				0489EAC32910BB4D0037A2E0 /* APIManager.swift */,
			);
			path = NetworkLayer;
			sourceTree = "<group>";
		};
		0489EAA62910B3150037A2E0 /* Utilities */ = {
			isa = PBXGroup;
			children = (
				0489EAAD2910B55B0037A2E0 /* Constants.swift */,
			);
			path = Utilities;
			sourceTree = "<group>";
		};
		0489EAA72910B32A0037A2E0 /* Resources */ = {
			isa = PBXGroup;
			children = (
				0489EAA82910B3370037A2E0 /* Storyboards */,
				044412592910B21D00359211 /* Assets.xcassets */,
				0444125B2910B21D00359211 /* LaunchScreen.storyboard */,
			);
			path = Resources;
			sourceTree = "<group>";
		};
		0489EAA82910B3370037A2E0 /* Storyboards */ = {
			isa = PBXGroup;
			children = (
				044412562910B21800359211 /* Main.storyboard */,
			);
			path = Storyboards;
			sourceTree = "<group>";
		};
		0489EAA92910B34B0037A2E0 /* Extensions */ = {
			isa = PBXGroup;
			children = (
				0489EAAB2910B3880037A2E0 /* UIView+Extensions */,
				0489EAAA2910B36F0037A2E0 /* UIViewController+Extensions */,
			);
			path = Extensions;
			sourceTree = "<group>";
		};
		0489EAAA2910B36F0037A2E0 /* UIViewController+Extensions */ = {
			isa = PBXGroup;
			children = (
			);
			path = "UIViewController+Extensions";
			sourceTree = "<group>";
		};
		0489EAAB2910B3880037A2E0 /* UIView+Extensions */ = {
			isa = PBXGroup;
			children = (
				0489EABF2910B9840037A2E0 /* UIView+Loader.swift */,
			);
			path = "UIView+Extensions";
			sourceTree = "<group>";
		};
		0489EAAF2910B5BA0037A2E0 /* CurrencyList */ = {
			isa = PBXGroup;
			children = (
				0489EAB72910B71B0037A2E0 /* CurrencyTableViewCell */,
				0489EAB12910B5EA0037A2E0 /* CurrencyListViewController.swift */,
				0489EAB32910B6FB0037A2E0 /* CurrencyListViewModel.swift */,
				0489EAB52910B7130037A2E0 /* CurrencyListProtocols.swift */,
			);
			path = CurrencyList;
			sourceTree = "<group>";
		};
		0489EAB72910B71B0037A2E0 /* CurrencyTableViewCell */ = {
			isa = PBXGroup;
			children = (
				0489EAB82910B73E0037A2E0 /* CurrencyTableViewCell.swift */,
				0489EAB92910B73E0037A2E0 /* CurrencyTableViewCell.xib */,
			);
			path = CurrencyTableViewCell;
			sourceTree = "<group>";
		};
		8B6B1B4BF2B41D821B30D2BB /* Frameworks */ = {
			isa = PBXGroup;
			children = (
				F9DCDC59559C24704AB3CDC8 /* Pods_CandleSticksChart.framework */,
			);
			name = Frameworks;
			sourceTree = "<group>";
		};
		BAD84214DB58481751C5B552 /* Pods */ = {
			isa = PBXGroup;
			children = (
				216121ADA6B31B5D77F75B4B /* Pods-CandleSticksChart.debug.xcconfig */,
				86B5991752D0EB8839FA60D1 /* Pods-CandleSticksChart.release.xcconfig */,
			);
			path = Pods;
			sourceTree = "<group>";
		};
/* End PBXGroup section */

/* Begin PBXNativeTarget section */
		0444124C2910B21700359211 /* CandleSticksChart */ = {
			isa = PBXNativeTarget;
			buildConfigurationList = 044412612910B21D00359211 /* Build configuration list for PBXNativeTarget "CandleSticksChart" */;
			buildPhases = (
				5409FFCB2DFBACC15DC7785C /* [CP] Check Pods Manifest.lock */,
				044412492910B21700359211 /* Sources */,
				0444124A2910B21700359211 /* Frameworks */,
				0444124B2910B21700359211 /* Resources */,
				06E615B404D166797C95B2D3 /* [CP] Embed Pods Frameworks */,
			);
			buildRules = (
			);
			dependencies = (
			);
			name = CandleSticksChart;
			productName = CandleSticksChart;
			productReference = 0444124D2910B21800359211 /* CandleSticksChart.app */;
			productType = "com.apple.product-type.application";
		};
/* End PBXNativeTarget section */

/* Begin PBXProject section */
		044412452910B21700359211 /* Project object */ = {
			isa = PBXProject;
			attributes = {
				BuildIndependentTargetsInParallel = 1;
				LastSwiftUpdateCheck = 1340;
				LastUpgradeCheck = 1340;
				TargetAttributes = {
					0444124C2910B21700359211 = {
						CreatedOnToolsVersion = 13.4.1;
					};
				};
			};
			buildConfigurationList = 044412482910B21700359211 /* Build configuration list for PBXProject "CandleSticksChart" */;
			compatibilityVersion = "Xcode 13.0";
			developmentRegion = en;
			hasScannedForEncodings = 0;
			knownRegions = (
				en,
				Base,
			);
			mainGroup = 044412442910B21700359211;
			productRefGroup = 0444124E2910B21800359211 /* Products */;
			projectDirPath = "";
			projectRoot = "";
			targets = (
				0444124C2910B21700359211 /* CandleSticksChart */,
			);
		};
/* End PBXProject section */

/* Begin PBXResourcesBuildPhase section */
		0444124B2910B21700359211 /* Resources */ = {
			isa = PBXResourcesBuildPhase;
			buildActionMask = 2147483647;
			files = (
				0489EABB2910B73E0037A2E0 /* CurrencyTableViewCell.xib in Resources */,
				0444125D2910B21D00359211 /* LaunchScreen.storyboard in Resources */,
				0444125A2910B21D00359211 /* Assets.xcassets in Resources */,
				044412582910B21800359211 /* Main.storyboard in Resources */,
			);
			runOnlyForDeploymentPostprocessing = 0;
		};
/* End PBXResourcesBuildPhase section */

/* Begin PBXShellScriptBuildPhase section */
		06E615B404D166797C95B2D3 /* [CP] Embed Pods Frameworks */ = {
			isa = PBXShellScriptBuildPhase;
			buildActionMask = 2147483647;
			files = (
			);
			inputFileListPaths = (
				"${PODS_ROOT}/Target Support Files/Pods-CandleSticksChart/Pods-CandleSticksChart-frameworks-${CONFIGURATION}-input-files.xcfilelist",
			);
			name = "[CP] Embed Pods Frameworks";
			outputFileListPaths = (
				"${PODS_ROOT}/Target Support Files/Pods-CandleSticksChart/Pods-CandleSticksChart-frameworks-${CONFIGURATION}-output-files.xcfilelist",
			);
			runOnlyForDeploymentPostprocessing = 0;
			shellPath = /bin/sh;
			shellScript = "\"${PODS_ROOT}/Target Support Files/Pods-CandleSticksChart/Pods-CandleSticksChart-frameworks.sh\"\n";
			showEnvVarsInLog = 0;
		};
		5409FFCB2DFBACC15DC7785C /* [CP] Check Pods Manifest.lock */ = {
			isa = PBXShellScriptBuildPhase;
			buildActionMask = 2147483647;
			files = (
			);
			inputFileListPaths = (
			);
			inputPaths = (
				"${PODS_PODFILE_DIR_PATH}/Podfile.lock",
				"${PODS_ROOT}/Manifest.lock",
			);
			name = "[CP] Check Pods Manifest.lock";
			outputFileListPaths = (
			);
			outputPaths = (
				"$(DERIVED_FILE_DIR)/Pods-CandleSticksChart-checkManifestLockResult.txt",
			);
			runOnlyForDeploymentPostprocessing = 0;
			shellPath = /bin/sh;
			shellScript = "diff \"${PODS_PODFILE_DIR_PATH}/Podfile.lock\" \"${PODS_ROOT}/Manifest.lock\" > /dev/null\nif [ $? != 0 ] ; then\n    # print error to STDERR\n    echo \"error: The sandbox is not in sync with the Podfile.lock. Run 'pod install' or update your CocoaPods installation.\" >&2\n    exit 1\nfi\n# This output is used by Xcode 'outputs' to avoid re-running this script phase.\necho \"SUCCESS\" > \"${SCRIPT_OUTPUT_FILE_0}\"\n";
			showEnvVarsInLog = 0;
		};
/* End PBXShellScriptBuildPhase section */

/* Begin PBXSourcesBuildPhase section */
		044412492910B21700359211 /* Sources */ = {
			isa = PBXSourcesBuildPhase;
			buildActionMask = 2147483647;
			files = (
				0489EABA2910B73E0037A2E0 /* CurrencyTableViewCell.swift in Sources */,
				0489EAC22910BA080037A2E0 /* APIRouter.swift in Sources */,
				0489EAB62910B7130037A2E0 /* CurrencyListProtocols.swift in Sources */,
				0489EAC02910B9840037A2E0 /* UIView+Loader.swift in Sources */,
				0489EAC42910BB4D0037A2E0 /* APIManager.swift in Sources */,
				044412512910B21800359211 /* AppDelegate.swift in Sources */,
				044412532910B21800359211 /* SceneDelegate.swift in Sources */,
				0489EABD2910B90E0037A2E0 /* ChartDataModel.swift in Sources */,
				0489EAB42910B6FB0037A2E0 /* CurrencyListViewModel.swift in Sources */,
				0489EAB22910B5EA0037A2E0 /* CurrencyListViewController.swift in Sources */,
				0489EAAE2910B55B0037A2E0 /* Constants.swift in Sources */,
			);
			runOnlyForDeploymentPostprocessing = 0;
		};
/* End PBXSourcesBuildPhase section */

/* Begin PBXVariantGroup section */
		044412562910B21800359211 /* Main.storyboard */ = {
			isa = PBXVariantGroup;
			children = (
				044412572910B21800359211 /* Base */,
			);
			name = Main.storyboard;
			sourceTree = "<group>";
		};
		0444125B2910B21D00359211 /* LaunchScreen.storyboard */ = {
			isa = PBXVariantGroup;
			children = (
				0444125C2910B21D00359211 /* Base */,
			);
			name = LaunchScreen.storyboard;
			sourceTree = "<group>";
		};
/* End PBXVariantGroup section */

/* Begin XCBuildConfiguration section */
		0444125F2910B21D00359211 /* Debug */ = {
			isa = XCBuildConfiguration;
			buildSettings = {
				ALWAYS_SEARCH_USER_PATHS = NO;
				CLANG_ANALYZER_NONNULL = YES;
				CLANG_ANALYZER_NUMBER_OBJECT_CONVERSION = YES_AGGRESSIVE;
				CLANG_CXX_LANGUAGE_STANDARD = "gnu++17";
				CLANG_ENABLE_MODULES = YES;
				CLANG_ENABLE_OBJC_ARC = YES;
				CLANG_ENABLE_OBJC_WEAK = YES;
				CLANG_WARN_BLOCK_CAPTURE_AUTORELEASING = YES;
				CLANG_WARN_BOOL_CONVERSION = YES;
				CLANG_WARN_COMMA = YES;
				CLANG_WARN_CONSTANT_CONVERSION = YES;
				CLANG_WARN_DEPRECATED_OBJC_IMPLEMENTATIONS = YES;
				CLANG_WARN_DIRECT_OBJC_ISA_USAGE = YES_ERROR;
				CLANG_WARN_DOCUMENTATION_COMMENTS = YES;
				CLANG_WARN_EMPTY_BODY = YES;
				CLANG_WARN_ENUM_CONVERSION = YES;
				CLANG_WARN_INFINITE_RECURSION = YES;
				CLANG_WARN_INT_CONVERSION = YES;
				CLANG_WARN_NON_LITERAL_NULL_CONVERSION = YES;
				CLANG_WARN_OBJC_IMPLICIT_RETAIN_SELF = YES;
				CLANG_WARN_OBJC_LITERAL_CONVERSION = YES;
				CLANG_WARN_OBJC_ROOT_CLASS = YES_ERROR;
				CLANG_WARN_QUOTED_INCLUDE_IN_FRAMEWORK_HEADER = YES;
				CLANG_WARN_RANGE_LOOP_ANALYSIS = YES;
				CLANG_WARN_STRICT_PROTOTYPES = YES;
				CLANG_WARN_SUSPICIOUS_MOVE = YES;
				CLANG_WARN_UNGUARDED_AVAILABILITY = YES_AGGRESSIVE;
				CLANG_WARN_UNREACHABLE_CODE = YES;
				CLANG_WARN__DUPLICATE_METHOD_MATCH = YES;
				COPY_PHASE_STRIP = NO;
				DEBUG_INFORMATION_FORMAT = dwarf;
				ENABLE_STRICT_OBJC_MSGSEND = YES;
				ENABLE_TESTABILITY = YES;
				GCC_C_LANGUAGE_STANDARD = gnu11;
				GCC_DYNAMIC_NO_PIC = NO;
				GCC_NO_COMMON_BLOCKS = YES;
				GCC_OPTIMIZATION_LEVEL = 0;
				GCC_PREPROCESSOR_DEFINITIONS = (
					"DEBUG=1",
					"$(inherited)",
				);
				GCC_WARN_64_TO_32_BIT_CONVERSION = YES;
				GCC_WARN_ABOUT_RETURN_TYPE = YES_ERROR;
				GCC_WARN_UNDECLARED_SELECTOR = YES;
				GCC_WARN_UNINITIALIZED_AUTOS = YES_AGGRESSIVE;
				GCC_WARN_UNUSED_FUNCTION = YES;
				GCC_WARN_UNUSED_VARIABLE = YES;
				IPHONEOS_DEPLOYMENT_TARGET = 15.5;
				MTL_ENABLE_DEBUG_INFO = INCLUDE_SOURCE;
				MTL_FAST_MATH = YES;
				ONLY_ACTIVE_ARCH = YES;
				SDKROOT = iphoneos;
				SWIFT_ACTIVE_COMPILATION_CONDITIONS = DEBUG;
				SWIFT_OPTIMIZATION_LEVEL = "-Onone";
			};
			name = Debug;
		};
		044412602910B21D00359211 /* Release */ = {
			isa = XCBuildConfiguration;
			buildSettings = {
				ALWAYS_SEARCH_USER_PATHS = NO;
				CLANG_ANALYZER_NONNULL = YES;
				CLANG_ANALYZER_NUMBER_OBJECT_CONVERSION = YES_AGGRESSIVE;
				CLANG_CXX_LANGUAGE_STANDARD = "gnu++17";
				CLANG_ENABLE_MODULES = YES;
				CLANG_ENABLE_OBJC_ARC = YES;
				CLANG_ENABLE_OBJC_WEAK = YES;
				CLANG_WARN_BLOCK_CAPTURE_AUTORELEASING = YES;
				CLANG_WARN_BOOL_CONVERSION = YES;
				CLANG_WARN_COMMA = YES;
				CLANG_WARN_CONSTANT_CONVERSION = YES;
				CLANG_WARN_DEPRECATED_OBJC_IMPLEMENTATIONS = YES;
				CLANG_WARN_DIRECT_OBJC_ISA_USAGE = YES_ERROR;
				CLANG_WARN_DOCUMENTATION_COMMENTS = YES;
				CLANG_WARN_EMPTY_BODY = YES;
				CLANG_WARN_ENUM_CONVERSION = YES;
				CLANG_WARN_INFINITE_RECURSION = YES;
				CLANG_WARN_INT_CONVERSION = YES;
				CLANG_WARN_NON_LITERAL_NULL_CONVERSION = YES;
				CLANG_WARN_OBJC_IMPLICIT_RETAIN_SELF = YES;
				CLANG_WARN_OBJC_LITERAL_CONVERSION = YES;
				CLANG_WARN_OBJC_ROOT_CLASS = YES_ERROR;
				CLANG_WARN_QUOTED_INCLUDE_IN_FRAMEWORK_HEADER = YES;
				CLANG_WARN_RANGE_LOOP_ANALYSIS = YES;
				CLANG_WARN_STRICT_PROTOTYPES = YES;
				CLANG_WARN_SUSPICIOUS_MOVE = YES;
				CLANG_WARN_UNGUARDED_AVAILABILITY = YES_AGGRESSIVE;
				CLANG_WARN_UNREACHABLE_CODE = YES;
				CLANG_WARN__DUPLICATE_METHOD_MATCH = YES;
				COPY_PHASE_STRIP = NO;
				DEBUG_INFORMATION_FORMAT = "dwarf-with-dsym";
				ENABLE_NS_ASSERTIONS = NO;
				ENABLE_STRICT_OBJC_MSGSEND = YES;
				GCC_C_LANGUAGE_STANDARD = gnu11;
				GCC_NO_COMMON_BLOCKS = YES;
				GCC_WARN_64_TO_32_BIT_CONVERSION = YES;
				GCC_WARN_ABOUT_RETURN_TYPE = YES_ERROR;
				GCC_WARN_UNDECLARED_SELECTOR = YES;
				GCC_WARN_UNINITIALIZED_AUTOS = YES_AGGRESSIVE;
				GCC_WARN_UNUSED_FUNCTION = YES;
				GCC_WARN_UNUSED_VARIABLE = YES;
				IPHONEOS_DEPLOYMENT_TARGET = 15.5;
				MTL_ENABLE_DEBUG_INFO = NO;
				MTL_FAST_MATH = YES;
				SDKROOT = iphoneos;
				SWIFT_COMPILATION_MODE = wholemodule;
				SWIFT_OPTIMIZATION_LEVEL = "-O";
				VALIDATE_PRODUCT = YES;
			};
			name = Release;
		};
		044412622910B21D00359211 /* Debug */ = {
			isa = XCBuildConfiguration;
			baseConfigurationReference = 216121ADA6B31B5D77F75B4B /* Pods-CandleSticksChart.debug.xcconfig */;
			buildSettings = {
				ASSETCATALOG_COMPILER_APPICON_NAME = AppIcon;
				ASSETCATALOG_COMPILER_GLOBAL_ACCENT_COLOR_NAME = AccentColor;
				CODE_SIGN_STYLE = Automatic;
				CURRENT_PROJECT_VERSION = 1;
				DEVELOPMENT_TEAM = N2G5L74P2M;
				GENERATE_INFOPLIST_FILE = YES;
				INFOPLIST_FILE = CandleSticksChart/Info.plist;
				INFOPLIST_KEY_UIApplicationSupportsIndirectInputEvents = YES;
				INFOPLIST_KEY_UILaunchStoryboardName = LaunchScreen;
				INFOPLIST_KEY_UIMainStoryboardFile = Main;
				INFOPLIST_KEY_UISupportedInterfaceOrientations_iPad = "UIInterfaceOrientationPortrait UIInterfaceOrientationPortraitUpsideDown UIInterfaceOrientationLandscapeLeft UIInterfaceOrientationLandscapeRight";
				INFOPLIST_KEY_UISupportedInterfaceOrientations_iPhone = "UIInterfaceOrientationPortrait UIInterfaceOrientationLandscapeLeft UIInterfaceOrientationLandscapeRight";
				LD_RUNPATH_SEARCH_PATHS = (
					"$(inherited)",
					"@executable_path/Frameworks",
				);
				MARKETING_VERSION = 1.0;
				PRODUCT_BUNDLE_IDENTIFIER = com.Jeddawy.CandleSticksChart;
				PRODUCT_NAME = "$(TARGET_NAME)";
				SWIFT_EMIT_LOC_STRINGS = YES;
				SWIFT_VERSION = 5.0;
				TARGETED_DEVICE_FAMILY = "1,2";
			};
			name = Debug;
		};
		044412632910B21D00359211 /* Release */ = {
			isa = XCBuildConfiguration;
			baseConfigurationReference = 86B5991752D0EB8839FA60D1 /* Pods-CandleSticksChart.release.xcconfig */;
			buildSettings = {
				ASSETCATALOG_COMPILER_APPICON_NAME = AppIcon;
				ASSETCATALOG_COMPILER_GLOBAL_ACCENT_COLOR_NAME = AccentColor;
				CODE_SIGN_STYLE = Automatic;
				CURRENT_PROJECT_VERSION = 1;
				DEVELOPMENT_TEAM = N2G5L74P2M;
				GENERATE_INFOPLIST_FILE = YES;
				INFOPLIST_FILE = CandleSticksChart/Info.plist;
				INFOPLIST_KEY_UIApplicationSupportsIndirectInputEvents = YES;
				INFOPLIST_KEY_UILaunchStoryboardName = LaunchScreen;
				INFOPLIST_KEY_UIMainStoryboardFile = Main;
				INFOPLIST_KEY_UISupportedInterfaceOrientations_iPad = "UIInterfaceOrientationPortrait UIInterfaceOrientationPortraitUpsideDown UIInterfaceOrientationLandscapeLeft UIInterfaceOrientationLandscapeRight";
				INFOPLIST_KEY_UISupportedInterfaceOrientations_iPhone = "UIInterfaceOrientationPortrait UIInterfaceOrientationLandscapeLeft UIInterfaceOrientationLandscapeRight";
				LD_RUNPATH_SEARCH_PATHS = (
					"$(inherited)",
					"@executable_path/Frameworks",
				);
				MARKETING_VERSION = 1.0;
				PRODUCT_BUNDLE_IDENTIFIER = com.Jeddawy.CandleSticksChart;
				PRODUCT_NAME = "$(TARGET_NAME)";
				SWIFT_EMIT_LOC_STRINGS = YES;
				SWIFT_VERSION = 5.0;
				TARGETED_DEVICE_FAMILY = "1,2";
			};
			name = Release;
		};
/* End XCBuildConfiguration section */

/* Begin XCConfigurationList section */
		044412482910B21700359211 /* Build configuration list for PBXProject "CandleSticksChart" */ = {
			isa = XCConfigurationList;
			buildConfigurations = (
				0444125F2910B21D00359211 /* Debug */,
				044412602910B21D00359211 /* Release */,
			);
			defaultConfigurationIsVisible = 0;
			defaultConfigurationName = Release;
		};
		044412612910B21D00359211 /* Build configuration list for PBXNativeTarget "CandleSticksChart" */ = {
			isa = XCConfigurationList;
			buildConfigurations = (
				044412622910B21D00359211 /* Debug */,
				044412632910B21D00359211 /* Release */,
			);
			defaultConfigurationIsVisible = 0;
			defaultConfigurationName = Release;
		};
/* End XCConfigurationList section */
	};
	rootObject = 044412452910B21700359211 /* Project object */;
}
